# This file is automatically @generated by Cargo.
# It is not intended for manual editing.
version = 4

[[package]]
name = "aes"
version = "0.9.0-rc.2"
dependencies = [
 "cfg-if",
 "cipher 0.5.0-rc.0",
 "cpufeatures",
 "hex-literal",
 "zeroize",
]

[[package]]
name = "aria"
version = "0.2.0-pre"
dependencies = [
 "cipher 0.5.0-rc.0 (registry+https://github.com/rust-lang/crates.io-index)",
 "hex-literal",
]

[[package]]
name = "belt-block"
version = "0.2.0-rc.2"
dependencies = [
 "cipher 0.5.0-rc.0 (registry+https://github.com/rust-lang/crates.io-index)",
 "hex-literal",
]

[[package]]
name = "blobby"
version = "0.4.0"
source = "registry+https://github.com/rust-lang/crates.io-index"
checksum = "89af0b093cc13baa4e51e64e65ec2422f7e73aea0e612e5ad3872986671622f1"

[[package]]
name = "block-buffer"
version = "0.11.0"
source = "registry+https://github.com/rust-lang/crates.io-index"
checksum = "96eb4cdd6cf1b31d671e9efe75c5d1ec614776856cefbe109ca373554a6d514f"
dependencies = [
 "hybrid-array",
 "zeroize",
]

[[package]]
name = "blowfish"
version = "0.10.0-rc.2"
dependencies = [
 "byteorder",
 "cipher 0.5.0-rc.0 (registry+https://github.com/rust-lang/crates.io-index)",
]

[[package]]
name = "byteorder"
version = "1.5.0"
source = "registry+https://github.com/rust-lang/crates.io-index"
checksum = "1fd0f2584146f6f2ef48085050886acf353beff7305ebd1ae69500e27c67f64b"

[[package]]
name = "camellia"
version = "0.2.0-pre"
dependencies = [
 "byteorder",
 "cipher 0.5.0-rc.0 (registry+https://github.com/rust-lang/crates.io-index)",
]

[[package]]
name = "cast5"
version = "0.12.0-pre"
dependencies = [
 "cipher 0.5.0-rc.0 (registry+https://github.com/rust-lang/crates.io-index)",
 "hex-literal",
]

[[package]]
name = "cast6"
version = "0.2.0-pre"
dependencies = [
 "cipher 0.5.0-rc.0 (registry+https://github.com/rust-lang/crates.io-index)",
 "hex-literal",
]

[[package]]
name = "cfg-if"
version = "1.0.3"
source = "registry+https://github.com/rust-lang/crates.io-index"
checksum = "2fd1289c04a9ea8cb22300a459a72a385d7c73d3259e2ed7dcb2af674838cfa9"

[[package]]
name = "cipher"
version = "0.5.0-rc.3"
source = "registry+https://github.com/rust-lang/crates.io-index"
checksum = "98d708bac5451350d56398433b19a7889022fa9187df1a769c0edbc3b2c03167"
dependencies = [
 "blobby",
 "block-buffer",
 "crypto-common",
 "inout",
 "zeroize",
]

[[package]]
name = "cpufeatures"
version = "0.2.17"
source = "registry+https://github.com/rust-lang/crates.io-index"
checksum = "59ed5838eebb26a2bb2e58f6d5b5316989ae9d08bab10e0e6d103e656d1b0280"
dependencies = [
 "libc",
]

[[package]]
name = "crypto-common"
version = "0.2.0-rc.8"
source = "registry+https://github.com/rust-lang/crates.io-index"
checksum = "e6165b8029cdc3e765b74d3548f85999ee799d5124877ce45c2c85ca78e4d4aa"
dependencies = [
 "hybrid-array 0.3.0",
]

[[package]]
name = "des"
version = "0.9.0-rc.2"
dependencies = [
 "cipher 0.5.0-rc.0 (registry+https://github.com/rust-lang/crates.io-index)",
 "hex-literal",
]

[[package]]
name = "generic-array"
version = "0.14.7"
source = "registry+https://github.com/rust-lang/crates.io-index"
checksum = "85649ca51fd72272d7821adaf274ad91c288277713d9c18820d8499a7ff69e9a"
dependencies = [
 "typenum",
 "version_check",
]

[[package]]
name = "gift-cipher"
version = "0.1.0-rc.2"
dependencies = [
 "cipher 0.5.0-rc.0 (registry+https://github.com/rust-lang/crates.io-index)",
 "hex-literal",
]

[[package]]
name = "hex-literal"
version = "1.0.0"
source = "registry+https://github.com/rust-lang/crates.io-index"
checksum = "bcaaec4551594c969335c98c903c1397853d4198408ea609190f420500f6be71"

[[package]]
name = "hybrid-array"
version = "0.4.0"
source = "registry+https://github.com/rust-lang/crates.io-index"
checksum = "6fe39a812f039072707ce38020acbab2f769087952eddd9e2b890f37654b2349"
dependencies = [
 "typenum",
 "zeroize",
]

[[package]]
name = "hybrid-array"
version = "0.3.1"
dependencies = [
 "generic-array",
 "typenum",
]

[[package]]
name = "idea"
version = "0.6.0-pre"
dependencies = [
 "cipher 0.5.0-rc.0 (registry+https://github.com/rust-lang/crates.io-index)",
]

[[package]]
name = "inout"
version = "0.2.1"
source = "registry+https://github.com/rust-lang/crates.io-index"
checksum = "c7357b6e7aa75618c7864ebd0634b115a7218b0615f4cb1df33ac3eca23943d4"
dependencies = [
 "hybrid-array 0.3.0",
]

[[package]]
name = "inout"
version = "0.2.0-rc.5"
dependencies = [
 "hybrid-array 0.3.1",
]

[[package]]
name = "kuznyechik"
version = "0.9.0-rc.2"
dependencies = [
 "cfg-if",
 "cipher 0.5.0-rc.0 (registry+https://github.com/rust-lang/crates.io-index)",
 "hex-literal",
]

[[package]]
name = "libc"
version = "0.2.175"
source = "registry+https://github.com/rust-lang/crates.io-index"
checksum = "6a82ae493e598baaea5209805c49bbf2ea7de956d50d7da0da1164f9c6d28543"

[[package]]
name = "magma"
version = "0.10.0-rc.2"
dependencies = [
 "cipher 0.5.0-rc.0 (registry+https://github.com/rust-lang/crates.io-index)",
 "hex-literal",
]

[[package]]
name = "rc2"
version = "0.9.0-pre.0"
dependencies = [
 "cipher 0.5.0-rc.0 (registry+https://github.com/rust-lang/crates.io-index)",
]

[[package]]
name = "rc5"
version = "0.1.0-pre"
dependencies = [
 "cipher 0.5.0-rc.0 (registry+https://github.com/rust-lang/crates.io-index)",
 "hex-literal",
]

[[package]]
name = "rc6"
version = "0.1.0-rc.2"
dependencies = [
 "cipher",
]

[[package]]
name = "serpent"
version = "0.6.0-rc.2"
dependencies = [
 "cipher 0.5.0-rc.0 (registry+https://github.com/rust-lang/crates.io-index)",
]

[[package]]
name = "sm4"
version = "0.6.0-rc.2"
dependencies = [
 "cipher 0.5.0-rc.0 (registry+https://github.com/rust-lang/crates.io-index)",
 "hex-literal",
]

[[package]]
name = "speck-cipher"
version = "0.1.0-rc.2"
dependencies = [
 "cipher 0.5.0-rc.0 (registry+https://github.com/rust-lang/crates.io-index)",
 "hex-literal",
]

[[package]]
name = "threefish"
version = "0.6.0-pre"
dependencies = [
 "cipher 0.5.0-rc.0 (registry+https://github.com/rust-lang/crates.io-index)",
 "hex-literal",
 "zeroize",
]

[[package]]
name = "twofish"
version = "0.8.0-pre"
dependencies = [
 "cipher 0.5.0-rc.0 (registry+https://github.com/rust-lang/crates.io-index)",
 "hex-literal",
]

[[package]]
name = "typenum"
version = "1.18.0"
source = "registry+https://github.com/rust-lang/crates.io-index"
checksum = "1dccffe3ce07af9386bfd29e80c0ab1a8205a2fc34e4bcd40364df902cfa8f3f"

[[package]]
name = "version_check"
version = "0.9.5"
source = "registry+https://github.com/rust-lang/crates.io-index"
checksum = "0b928f33d975fc6ad9f86c8f283853ad26bdd5b10b7f1542aa2fa15e2289105a"

[[package]]
name = "xtea"
version = "0.0.1-pre.0"
dependencies = [
 "cipher 0.5.0-rc.0 (registry+https://github.com/rust-lang/crates.io-index)",
]

[[package]]
name = "zeroize"
version = "1.8.1"
source = "registry+https://github.com/rust-lang/crates.io-index"
checksum = "ced3678a2879b30306d323f4542626697a464a97c0a07c9aebf7ebca65cd4dde"
